
Microsoft Visual Studio Solution File, Format Version 12.00
# Visual Studio Version 16
VisualStudioVersion = 16.0.30225.117
MinimumVisualStudioVersion = 10.0.40219.1
Project("{FAE04EC0-301F-11D3-BF4B-00C04F79EFBC}") = "MHLoaderApp", "MHLoaderApp\MHLoaderApp.csproj", "{0CE43407-BCF8-442C-88A4-89BA63AA3B45}"
EndProject
Global
	GlobalSection(SolutionConfigurationPlatforms) = preSolution
		Debug|Any CPU = Debug|Any CPU
		Release|Any CPU = Release|Any CPU
	EndGlobalSection
	GlobalSection(ProjectConfigurationPlatforms) = postSolution
		{0CE43407-BCF8-442C-88A4-89BA63AA3B45}.Debug|Any CPU.ActiveCfg = Debug|Any CPU
		{0CE43407-BCF8-442C-88A4-89BA63AA3B45}.Debug|Any CPU.Build.0 = Debug|Any CPU
		{0CE43407-BCF8-442C-88A4-89BA63AA3B45}.Release|Any CPU.ActiveCfg = Release|Any CPU
		{0CE43407-BCF8-442C-88A4-89BA63AA3B45}.Release|Any CPU.Build.0 = Release|Any CPU
	EndGlobalSection
	GlobalSection(SolutionProperties) = preSolution
		HideSolutionNode = FALSE
	EndGlobalSection
	GlobalSection(ExtensibilityGlobals) = postSolution
		SolutionGuid = {B2458C7E-2E2E-4D85-9C5F-A014481B91E8}
	EndGlobalSection
EndGlobal
